
Microsoft Visual Studio Solution File, Format Version 12.00
# Visual Studio 2012
Project("{FAE04EC0-301F-11D3-BF4B-00C04F79EFBC}") = "Cashpoint", "Cashpoint\Cashpoint.csproj", "{8BB45DB1-113F-4BFA-96B1-6B23280B613A}"
EndProject
Project("{FAE04EC0-301F-11D3-BF4B-00C04F79EFBC}") = "CashpointUnitTest", "CashpointUnitTest\CashpointUnitTest.csproj", "{96F72439-7CC9-4F8D-876B-6AA586C67D30}"
EndProject
Global
	GlobalSection(SolutionConfigurationPlatforms) = preSolution
		Debug|Any CPU = Debug|Any CPU
		Release|Any CPU = Release|Any CPU
	EndGlobalSection
	GlobalSection(ProjectConfigurationPlatforms) = postSolution
		{8BB45DB1-113F-4BFA-96B1-6B23280B613A}.Debug|Any CPU.ActiveCfg = Debug|Any CPU
		{8BB45DB1-113F-4BFA-96B1-6B23280B613A}.Debug|Any CPU.Build.0 = Debug|Any CPU
		{8BB45DB1-113F-4BFA-96B1-6B23280B613A}.Release|Any CPU.ActiveCfg = Release|Any CPU
		{8BB45DB1-113F-4BFA-96B1-6B23280B613A}.Release|Any CPU.Build.0 = Release|Any CPU
		{96F72439-7CC9-4F8D-876B-6AA586C67D30}.Debug|Any CPU.ActiveCfg = Debug|Any CPU
		{96F72439-7CC9-4F8D-876B-6AA586C67D30}.Debug|Any CPU.Build.0 = Debug|Any CPU
		{96F72439-7CC9-4F8D-876B-6AA586C67D30}.Release|Any CPU.ActiveCfg = Release|Any CPU
		{96F72439-7CC9-4F8D-876B-6AA586C67D30}.Release|Any CPU.Build.0 = Release|Any CPU
	EndGlobalSection
	GlobalSection(SolutionProperties) = preSolution
		HideSolutionNode = FALSE
	EndGlobalSection
EndGlobal
